<?xml version="1.0" encoding="utf-8"?>
<Project ToolsVersion="4.0" xmlns="http://schemas.microsoft.com/developer/msbuild/2003">
  <ItemGroup>
    <ClCompile Include="main.cpp" />
    <ClCompile Include="stdafx.cpp" />
    <ClCompile Include="TextRPG\TextRPG.cpp">
      <Filter>TextRPG</Filter>
    </ClCompile>
    <ClCompile Include="Places\Motel.cpp" />
    <ClCompile Include="Characters\Monster.cpp">
      <Filter>Characters</Filter>
    </ClCompile>
    <ClCompile Include="Characters\Player.cpp">
      <Filter>Characters</Filter>
    </ClCompile>
    <ClCompile Include="Places\Store.cpp">
      <Filter>Places</Filter>
    </ClCompile>
    <ClCompile Include="Places\Forge.cpp">
      <Filter>Places</Filter>
    </ClCompile>
    <ClCompile Include="Places\Dungeon.cpp">
      <Filter>Places</Filter>
    </ClCompile>
    <ClCompile Include="Characters\Character.cpp">
      <Filter>Characters</Filter>
    </ClCompile>
  </ItemGroup>
  <ItemGroup>
    <ClInclude Include="stdafx.h" />
    <ClInclude Include="DayList.h" />
    <ClInclude Include="TextRPG\TextRPG.h">
      <Filter>TextRPG</Filter>
    </ClInclude>
    <ClInclude Include="Places\Motel.h" />
    <ClInclude Include="Characters\Monster.h">
      <Filter>Characters</Filter>
    </ClInclude>
    <ClInclude Include="Characters\Player.h">
      <Filter>Characters</Filter>
    </ClInclude>
    <ClInclude Include="Places\Store.h">
      <Filter>Places</Filter>
    </ClInclude>
    <ClInclude Include="Places\Forge.h">
      <Filter>Places</Filter>
    </ClInclude>
    <ClInclude Include="Places\Dungeon.h">
      <Filter>Places</Filter>
    </ClInclude>
    <ClInclude Include="Characters\Character.h">
      <Filter>Characters</Filter>
    </ClInclude>
  </ItemGroup>
  <ItemGroup>
    <Filter Include="TextRPG">
      <UniqueIdentifier>{0cdaf313-9ecc-41bd-8f3e-a06e3e6aea6c}</UniqueIdentifier>
    </Filter>
    <Filter Include="Characters">
      <UniqueIdentifier>{cc6f36b9-bed4-4c5f-a984-982df2088f62}</UniqueIdentifier>
    </Filter>
    <Filter Include="Places">
      <UniqueIdentifier>{90ead26f-71a4-4c6a-a667-95f261655b74}</UniqueIdentifier>
    </Filter>
  </ItemGroup>
</Project>