<?xml version="1.0" encoding="utf-8"?>
<Project ToolsVersion="4.0" xmlns="http://schemas.microsoft.com/developer/msbuild/2003">
  <ItemGroup>
    <ClCompile Include="main.cpp" />
    <ClCompile Include="stdafx.cpp" />
    <ClCompile Include="Characters\Character.cpp">
      <Filter>Character</Filter>
    </ClCompile>
    <ClCompile Include="Places\Dungeon.cpp">
      <Filter>Dungeon</Filter>
    </ClCompile>
    <ClCompile Include="Characters\Monster.cpp">
      <Filter>Monster</Filter>
    </ClCompile>
    <ClCompile Include="Characters\Player.cpp">
      <Filter>Player</Filter>
    </ClCompile>
    <ClCompile Include="TextRPG\TextRPG.cpp">
      <Filter>TextRPG</Filter>
    </ClCompile>
    <ClCompile Include="Places\Forge.cpp">
      <Filter>Forge</Filter>
    </ClCompile>
    <ClCompile Include="Places\Store.cpp">
      <Filter>Store</Filter>
    </ClCompile>
    <ClCompile Include="Places\Motel.cpp" />
  </ItemGroup>
  <ItemGroup>
    <ClInclude Include="stdafx.h" />
    <ClInclude Include="DayList.h" />
    <ClInclude Include="Characters\Character.h">
      <Filter>Character</Filter>
    </ClInclude>
    <ClInclude Include="Places\Dungeon.h">
      <Filter>Dungeon</Filter>
    </ClInclude>
    <ClInclude Include="Characters\Monster.h">
      <Filter>Monster</Filter>
    </ClInclude>
    <ClInclude Include="Characters\Player.h">
      <Filter>Player</Filter>
    </ClInclude>
    <ClInclude Include="TextRPG\TextRPG.h">
      <Filter>TextRPG</Filter>
    </ClInclude>
    <ClInclude Include="Places\Forge.h">
      <Filter>Forge</Filter>
    </ClInclude>
    <ClInclude Include="Places\Store.h">
      <Filter>Store</Filter>
    </ClInclude>
    <ClInclude Include="Places\Motel.h" />
  </ItemGroup>
  <ItemGroup>
    <Filter Include="Character">
      <UniqueIdentifier>{43fb7957-b774-47a0-a034-71720cc0e664}</UniqueIdentifier>
    </Filter>
    <Filter Include="Dungeon">
      <UniqueIdentifier>{b754ce00-3984-4bcc-a19a-7af782af8ace}</UniqueIdentifier>
    </Filter>
    <Filter Include="Monster">
      <UniqueIdentifier>{96f01590-7bae-4908-a9b3-ee3ebe7a713c}</UniqueIdentifier>
    </Filter>
    <Filter Include="Player">
      <UniqueIdentifier>{828927d5-bfd5-4f34-bff3-33bb05bb6076}</UniqueIdentifier>
    </Filter>
    <Filter Include="TextRPG">
      <UniqueIdentifier>{0cdaf313-9ecc-41bd-8f3e-a06e3e6aea6c}</UniqueIdentifier>
    </Filter>
    <Filter Include="Forge">
      <UniqueIdentifier>{81202020-d7cc-4d01-b134-eb181e6d84c5}</UniqueIdentifier>
    </Filter>
    <Filter Include="Store">
      <UniqueIdentifier>{b05b76d9-f826-40e6-b895-dc5baa5191ef}</UniqueIdentifier>
    </Filter>
  </ItemGroup>
</Project>